
Microsoft Visual Studio Solution File, Format Version 12.00
Project("{FAE04EC0-301F-11D3-BF4B-00C04F79EFBC}") = "CongestionTaxApi", "CongestionTaxApi\CongestionTaxApi.csproj", "{4CD60770-3F57-42DE-99CB-501AE958C953}"
EndProject
Project("{2150E333-8FDC-42A3-9474-1A3956D46DE8}") = "SolutionItems", "SolutionItems", "{FD5E598C-530C-47BF-9939-AE49809D77C0}"
	ProjectSection(SolutionItems) = preProject
		.gitignore = .gitignore
	EndProjectSection
EndProject
Global
	GlobalSection(SolutionConfigurationPlatforms) = preSolution
		Debug|Any CPU = Debug|Any CPU
		Release|Any CPU = Release|Any CPU
	EndGlobalSection
	GlobalSection(ProjectConfigurationPlatforms) = postSolution
		{4CD60770-3F57-42DE-99CB-501AE958C953}.Debug|Any CPU.ActiveCfg = Debug|Any CPU
		{4CD60770-3F57-42DE-99CB-501AE958C953}.Debug|Any CPU.Build.0 = Debug|Any CPU
		{4CD60770-3F57-42DE-99CB-501AE958C953}.Release|Any CPU.ActiveCfg = Release|Any CPU
		{4CD60770-3F57-42DE-99CB-501AE958C953}.Release|Any CPU.Build.0 = Release|Any CPU
	EndGlobalSection
EndGlobal
